lockfileVersion: '9.0'

settings:
  autoInstallPeers: true
  excludeLinksFromLockfile: false

importers:

  .:
    devDependencies:
      '@magic-sdk/provider':
        specifier: ^31.0.0
        version: 31.2.0(localforage@1.10.0)
      '@types/react':
        specifier: ^18.0.0
        version: 18.3.27
      react:
        specifier: ^18.0.0
        version: 18.3.1
      react-dom:
        specifier: ^18.0.0
        version: 18.3.1(react@18.3.1)

packages:

  '@magic-sdk/provider@31.2.0':
    resolution: {integrity: sha512-BiLnTn97HFnUWDT04m38t2z0IyoaVx1b9wb96T7YeYylDrIyOab/ma7L2P2gnLwAOmQq8N8Ky+gid1cVExbKWA==}
    peerDependencies:
      localforage: ^1.7.4

  '@magic-sdk/types@25.2.0':
    resolution: {integrity: sha512-/S78nj/jBND68Cp6L1JIDugpzIdAGRMsL+XsUHyVmyMhVcZvkZycEOOrmDH0SP0mjd29UvNLnPsJY1RT6A4NeA==}

  '@types/prop-types@15.7.15':
    resolution: {integrity: sha512-F6bEyamV9jKGAFBEmlQnesRPGOQqS2+Uwi0Em15xenOxHaf2hv6L8YCVn3rPdPJOiJfPiCnLIRyvwVaqMY3MIw==}

  '@types/react@18.3.27':
    resolution: {integrity: sha512-cisd7gxkzjBKU2GgdYrTdtQx1SORymWyaAFhaxQPK9bYO9ot3Y5OikQRvY0VYQtvwjeQnizCINJAenh/V7MK2w==}

  csstype@3.2.3:
    resolution: {integrity: sha512-z1HGKcYy2xA8AGQfwrn0PAy+PB7X/GSj3UVJW9qKyn43xWa+gl5nXmU4qqLMRzWVLFC8KusUX8T/0kCiOYpAIQ==}

  eventemitter3@4.0.7:
    resolution: {integrity: sha512-8guHBZCwKnFhYdHr2ysuRWErTwhoN2X8XELRlrRwpmfeY2jjuUN4taQMsULKUVo1K4DvZl+0pgfyoysHxvmvEw==}

  immediate@3.0.6:
    resolution: {integrity: sha512-XXOFtyqDjNDAQxVfYxuF7g9Il/IbWmmlQg2MYKOH8ExIT1qg6xc4zyS3HaEEATgs1btfzxq15ciUiY7gjSXRGQ==}

  js-tokens@4.0.0:
    resolution: {integrity: sha512-RdJUflcE3cUzKiMqQgsCu06FPu9UdIJO0beYbPhHN4k6apgJtifcoCtT9bcxOpYBtpD2kCM6Sbzg4CausW/PKQ==}

  lie@3.1.1:
    resolution: {integrity: sha512-RiNhHysUjhrDQntfYSfY4MU24coXXdEOgw9WGcKHNeEwffDYbF//u87M1EWaMGzuFoSbqW0C9C6lEEhDOAswfw==}

  localforage@1.10.0:
    resolution: {integrity: sha512-14/H1aX7hzBBmmh7sGPd+AOMkkIrHM3Z1PAyGgZigA1H1p5O5ANnMyWzvpAETtG68/dC4pC0ncy3+PPGzXZHPg==}

  loose-envify@1.4.0:
    resolution: {integrity: sha512-lyuxPGr/Wfhrlem2CL/UcnUc1zcqKAImBDzukY7Y5F/yQiNdko6+fRLevlw1HgMySw7f611UIY408EtxRSoK3Q==}
    hasBin: true

  react-dom@18.3.1:
    resolution: {integrity: sha512-5m4nQKp+rZRb09LNH59GM4BxTh9251/ylbKIbpe7TpGxfJ+9kv6BLkLBXIjjspbgbnIBNqlI23tRnTWT0snUIw==}
    peerDependencies:
      react: ^18.3.1

  react@18.3.1:
    resolution: {integrity: sha512-wS+hAgJShR0KhEvPJArfuPVN1+Hz1t0Y6n5jLrGQbkb4urgPE/0Rve+1kMB1v/oWgHgm4WIcV+i7F2pTVj+2iQ==}
    engines: {node: '>=0.10.0'}

  scheduler@0.23.2:
    resolution: {integrity: sha512-UOShsPwz7NrMUqhR6t0hWjFduvOzbtv7toDH1/hIrfRNIDBnnBWd0CwJTGvTpngVlmwGCdP9/Zl/tVrDqcuYzQ==}

snapshots:

  '@magic-sdk/provider@31.2.0(localforage@1.10.0)':
    dependencies:
      '@magic-sdk/types': 25.2.0
      eventemitter3: 4.0.7
      localforage: 1.10.0

  '@magic-sdk/types@25.2.0': {}

  '@types/prop-types@15.7.15': {}

  '@types/react@18.3.27':
    dependencies:
      '@types/prop-types': 15.7.15
      csstype: 3.2.3

  csstype@3.2.3: {}

  eventemitter3@4.0.7: {}

  immediate@3.0.6: {}

  js-tokens@4.0.0: {}

  lie@3.1.1:
    dependencies:
      immediate: 3.0.6

  localforage@1.10.0:
    dependencies:
      lie: 3.1.1

  loose-envify@1.4.0:
    dependencies:
      js-tokens: 4.0.0

  react-dom@18.3.1(react@18.3.1):
    dependencies:
      loose-envify: 1.4.0
      react: 18.3.1
      scheduler: 0.23.2

  react@18.3.1:
    dependencies:
      loose-envify: 1.4.0

  scheduler@0.23.2:
    dependencies:
      loose-envify: 1.4.0
